
Microsoft Visual Studio Solution File, Format Version 12.00
# Visual Studio Version 17
VisualStudioVersion = 17.9.34902.65
MinimumVisualStudioVersion = 10.0.40219.1
Project("{9A19103F-16F7-4668-BE54-9A1E7A4F7556}") = "Reminder", "Reminder\Reminder.csproj", "{678E5589-19E9-44E2-9021-6BCA61D7FBE8}"
EndProject
Project("{9A19103F-16F7-4668-BE54-9A1E7A4F7556}") = "SDK.Base", "..\SDK\SDK.Base\SDK.Base\SDK.Base.csproj", "{1499FA12-CC0C-4AE8-A8CD-6A6E9FA19A60}"
EndProject
Global
	GlobalSection(SolutionConfigurationPlatforms) = preSolution
		Debug|Any CPU = Debug|Any CPU
		Release|Any CPU = Release|Any CPU
	EndGlobalSection
	GlobalSection(ProjectConfigurationPlatforms) = postSolution
		{678E5589-19E9-44E2-9021-6BCA61D7FBE8}.Debug|Any CPU.ActiveCfg = Debug|Any CPU
		{678E5589-19E9-44E2-9021-6BCA61D7FBE8}.Debug|Any CPU.Build.0 = Debug|Any CPU
		{678E5589-19E9-44E2-9021-6BCA61D7FBE8}.Debug|Any CPU.Deploy.0 = Debug|Any CPU
		{678E5589-19E9-44E2-9021-6BCA61D7FBE8}.Release|Any CPU.ActiveCfg = Release|Any CPU
		{678E5589-19E9-44E2-9021-6BCA61D7FBE8}.Release|Any CPU.Build.0 = Release|Any CPU
		{678E5589-19E9-44E2-9021-6BCA61D7FBE8}.Release|Any CPU.Deploy.0 = Release|Any CPU
		{1499FA12-CC0C-4AE8-A8CD-6A6E9FA19A60}.Debug|Any CPU.ActiveCfg = Debug|Any CPU
		{1499FA12-CC0C-4AE8-A8CD-6A6E9FA19A60}.Debug|Any CPU.Build.0 = Debug|Any CPU
		{1499FA12-CC0C-4AE8-A8CD-6A6E9FA19A60}.Release|Any CPU.ActiveCfg = Release|Any CPU
		{1499FA12-CC0C-4AE8-A8CD-6A6E9FA19A60}.Release|Any CPU.Build.0 = Release|Any CPU
	EndGlobalSection
	GlobalSection(SolutionProperties) = preSolution
		HideSolutionNode = FALSE
	EndGlobalSection
	GlobalSection(ExtensibilityGlobals) = postSolution
		SolutionGuid = {264B08A7-79B8-4C48-A5A1-154215C75A03}
	EndGlobalSection
EndGlobal
